
Microsoft Visual Studio Solution File, Format Version 12.00
# Visual Studio 2015
Project("{FAE04EC0-301F-11D3-BF4B-00C04F79EFBC}") = "alzbetas_castle", "alzbetas_castle.csproj", "{4C1922FB-35B4-814E-6A21-93489879D779}"
EndProject
Project("{FAE04EC0-301F-11D3-BF4B-00C04F79EFBC}") = "alzbetas_castle.Editor", "alzbetas_castle.Editor.csproj", "{2E187383-ABF3-7461-8B7D-0A3EF6ED32D4}"
EndProject
Global
	GlobalSection(SolutionConfigurationPlatforms) = preSolution
		Debug|Any CPU = Debug|Any CPU
		Release|Any CPU = Release|Any CPU
	EndGlobalSection
	GlobalSection(ProjectConfigurationPlatforms) = postSolution
		{4C1922FB-35B4-814E-6A21-93489879D779}.Debug|Any CPU.ActiveCfg = Debug|Any CPU
		{4C1922FB-35B4-814E-6A21-93489879D779}.Debug|Any CPU.Build.0 = Debug|Any CPU
		{4C1922FB-35B4-814E-6A21-93489879D779}.Release|Any CPU.ActiveCfg = Release|Any CPU
		{4C1922FB-35B4-814E-6A21-93489879D779}.Release|Any CPU.Build.0 = Release|Any CPU
		{2E187383-ABF3-7461-8B7D-0A3EF6ED32D4}.Debug|Any CPU.ActiveCfg = Debug|Any CPU
		{2E187383-ABF3-7461-8B7D-0A3EF6ED32D4}.Debug|Any CPU.Build.0 = Debug|Any CPU
		{2E187383-ABF3-7461-8B7D-0A3EF6ED32D4}.Release|Any CPU.ActiveCfg = Release|Any CPU
		{2E187383-ABF3-7461-8B7D-0A3EF6ED32D4}.Release|Any CPU.Build.0 = Release|Any CPU
	EndGlobalSection
	GlobalSection(SolutionProperties) = preSolution
		HideSolutionNode = FALSE
	EndGlobalSection
EndGlobal
